
Microsoft Visual Studio Solution File, Format Version 12.00
# Visual Studio Version 16
VisualStudioVersion = 16.0.31205.134
MinimumVisualStudioVersion = 10.0.40219.1
Project("{9A19103F-16F7-4668-BE54-9A1E7A4F7556}") = "DataAccess", "DataAccess\DataAccess.csproj", "{9AF2F67E-9EC3-45B7-84AD-677EFF12178F}"
EndProject
Project("{9A19103F-16F7-4668-BE54-9A1E7A4F7556}") = "Business", "Business\Business.csproj", "{E39AB920-6FBB-4AAF-91E1-69BA165B1ACD}"
EndProject
Project("{9A19103F-16F7-4668-BE54-9A1E7A4F7556}") = "Entities", "Entities\Entities.csproj", "{C1A9000F-9715-4333-9D76-DF6BCA3FA743}"
EndProject
Project("{9A19103F-16F7-4668-BE54-9A1E7A4F7556}") = "Core", "Core\Core.csproj", "{626CEFC5-5BC5-479E-9278-51E0CC120739}"
EndProject
Project("{FAE04EC0-301F-11D3-BF4B-00C04F79EFBC}") = "WebAPI", "WebAPI\WebAPI.csproj", "{3F97053B-D471-4BB9-9F3C-1F1A5C0284C2}"
EndProject
Global
	GlobalSection(SolutionConfigurationPlatforms) = preSolution
		Debug|Any CPU = Debug|Any CPU
		Release|Any CPU = Release|Any CPU
	EndGlobalSection
	GlobalSection(ProjectConfigurationPlatforms) = postSolution
		{9AF2F67E-9EC3-45B7-84AD-677EFF12178F}.Debug|Any CPU.ActiveCfg = Debug|Any CPU
		{9AF2F67E-9EC3-45B7-84AD-677EFF12178F}.Debug|Any CPU.Build.0 = Debug|Any CPU
		{9AF2F67E-9EC3-45B7-84AD-677EFF12178F}.Release|Any CPU.ActiveCfg = Release|Any CPU
		{9AF2F67E-9EC3-45B7-84AD-677EFF12178F}.Release|Any CPU.Build.0 = Release|Any CPU
		{E39AB920-6FBB-4AAF-91E1-69BA165B1ACD}.Debug|Any CPU.ActiveCfg = Debug|Any CPU
		{E39AB920-6FBB-4AAF-91E1-69BA165B1ACD}.Debug|Any CPU.Build.0 = Debug|Any CPU
		{E39AB920-6FBB-4AAF-91E1-69BA165B1ACD}.Release|Any CPU.ActiveCfg = Release|Any CPU
		{E39AB920-6FBB-4AAF-91E1-69BA165B1ACD}.Release|Any CPU.Build.0 = Release|Any CPU
		{C1A9000F-9715-4333-9D76-DF6BCA3FA743}.Debug|Any CPU.ActiveCfg = Debug|Any CPU
		{C1A9000F-9715-4333-9D76-DF6BCA3FA743}.Debug|Any CPU.Build.0 = Debug|Any CPU
		{C1A9000F-9715-4333-9D76-DF6BCA3FA743}.Release|Any CPU.ActiveCfg = Release|Any CPU
		{C1A9000F-9715-4333-9D76-DF6BCA3FA743}.Release|Any CPU.Build.0 = Release|Any CPU
		{626CEFC5-5BC5-479E-9278-51E0CC120739}.Debug|Any CPU.ActiveCfg = Debug|Any CPU
		{626CEFC5-5BC5-479E-9278-51E0CC120739}.Debug|Any CPU.Build.0 = Debug|Any CPU
		{626CEFC5-5BC5-479E-9278-51E0CC120739}.Release|Any CPU.ActiveCfg = Release|Any CPU
		{626CEFC5-5BC5-479E-9278-51E0CC120739}.Release|Any CPU.Build.0 = Release|Any CPU
		{3F97053B-D471-4BB9-9F3C-1F1A5C0284C2}.Debug|Any CPU.ActiveCfg = Debug|Any CPU
		{3F97053B-D471-4BB9-9F3C-1F1A5C0284C2}.Debug|Any CPU.Build.0 = Debug|Any CPU
		{3F97053B-D471-4BB9-9F3C-1F1A5C0284C2}.Release|Any CPU.ActiveCfg = Release|Any CPU
		{3F97053B-D471-4BB9-9F3C-1F1A5C0284C2}.Release|Any CPU.Build.0 = Release|Any CPU
	EndGlobalSection
	GlobalSection(SolutionProperties) = preSolution
		HideSolutionNode = FALSE
	EndGlobalSection
	GlobalSection(ExtensibilityGlobals) = postSolution
		SolutionGuid = {74931C5E-276A-4F86-B2B7-E98EAAF71E4C}
	EndGlobalSection
EndGlobal
